// !$*UTF8*$!
{
	archiveVersion = 1;
	classes = {
	};
	objectVersion = 46;
	objects = {

/* Begin PBXBuildFile section */
		FF3187A61E3382BC0077AE53 /* AppDelegate.swift in Sources */ = {isa = PBXBuildFile; fileRef = FF3187A51E3382BC0077AE53 /* AppDelegate.swift */; };
		FF3187A81E3382BC0077AE53 /* ViewController.swift in Sources */ = {isa = PBXBuildFile; fileRef = FF3187A71E3382BC0077AE53 /* ViewController.swift */; };
		FF3187AB1E3382BC0077AE53 /* Main.storyboard in Resources */ = {isa = PBXBuildFile; fileRef = FF3187A91E3382BC0077AE53 /* Main.storyboard */; };
		FF3187AD1E3382BC0077AE53 /* Assets.xcassets in Resources */ = {isa = PBXBuildFile; fileRef = FF3187AC1E3382BC0077AE53 /* Assets.xcassets */; };
		FF3187B01E3382BC0077AE53 /* LaunchScreen.storyboard in Resources */ = {isa = PBXBuildFile; fileRef = FF3187AE1E3382BC0077AE53 /* LaunchScreen.storyboard */; };
		FF3187B81E3382EE0077AE53 /* muzik.mp3 in Resources */ = {isa = PBXBuildFile; fileRef = FF3187B71E3382EE0077AE53 /* muzik.mp3 */; };
		FFD0E22E1E3385F300E345F8 /* background_logo.png in Resources */ = {isa = PBXBuildFile; fileRef = FFD0E22D1E3385F300E345F8 /* background_logo.png */; };
/* End PBXBuildFile section */

/* Begin PBXFileReference section */
		FF3187A21E3382BC0077AE53 /* BackgrounSoundPlay.app */ = {isa = PBXFileReference; explicitFileType = wrapper.application; includeInIndex = 0; path = BackgrounSoundPlay.app; sourceTree = BUILT_PRODUCTS_DIR; };
		FF3187A51E3382BC0077AE53 /* AppDelegate.swift */ = {isa = PBXFileReference; lastKnownFileType = sourcecode.swift; path = AppDelegate.swift; sourceTree = "<group>"; };
		FF3187A71E3382BC0077AE53 /* ViewController.swift */ = {isa = PBXFileReference; lastKnownFileType = sourcecode.swift; path = ViewController.swift; sourceTree = "<group>"; };
		FF3187AA1E3382BC0077AE53 /* Base */ = {isa = PBXFileReference; lastKnownFileType = file.storyboard; name = Base; path = Base.lproj/Main.storyboard; sourceTree = "<group>"; };
		FF3187AC1E3382BC0077AE53 /* Assets.xcassets */ = {isa = PBXFileReference; lastKnownFileType = folder.assetcatalog; path = Assets.xcassets; sourceTree = "<group>"; };
		FF3187AF1E3382BC0077AE53 /* Base */ = {isa = PBXFileReference; lastKnownFileType = file.storyboard; name = Base; path = Base.lproj/LaunchScreen.storyboard; sourceTree = "<group>"; };
		FF3187B11E3382BC0077AE53 /* Info.plist */ = {isa = PBXFileReference; lastKnownFileType = text.plist.xml; path = Info.plist; sourceTree = "<group>"; };
		FF3187B71E3382EE0077AE53 /* muzik.mp3 */ = {isa = PBXFileReference; lastKnownFileType = audio.mp3; path = muzik.mp3; sourceTree = "<group>"; };
		FFD0E22D1E3385F300E345F8 /* background_logo.png */ = {isa = PBXFileReference; lastKnownFileType = image.png; path = background_logo.png; sourceTree = "<group>"; };
/* End PBXFileReference section */

/* Begin PBXFrameworksBuildPhase section */
		FF31879F1E3382BC0077AE53 /* Frameworks */ = {
			isa = PBXFrameworksBuildPhase;
			buildActionMask = 2147483647;
			files = (
			);
			runOnlyForDeploymentPostprocessing = 0;
		};
/* End PBXFrameworksBuildPhase section */

/* Begin PBXGroup section */
		FF3187991E3382BC0077AE53 = {
			isa = PBXGroup;
			children = (
				FF3187A41E3382BC0077AE53 /* BackgrounSoundPlay */,
				FF3187A31E3382BC0077AE53 /* Products */,
			);
			sourceTree = "<group>";
		};
		FF3187A31E3382BC0077AE53 /* Products */ = {
			isa = PBXGroup;
			children = (
				FF3187A21E3382BC0077AE53 /* BackgrounSoundPlay.app */,
			);
			name = Products;
			sourceTree = "<group>";
		};
		FF3187A41E3382BC0077AE53 /* BackgrounSoundPlay */ = {
			isa = PBXGroup;
			children = (
				FF3187B71E3382EE0077AE53 /* muzik.mp3 */,
				FFD0E22D1E3385F300E345F8 /* background_logo.png */,
				FF3187A51E3382BC0077AE53 /* AppDelegate.swift */,
				FF3187A71E3382BC0077AE53 /* ViewController.swift */,
				FF3187A91E3382BC0077AE53 /* Main.storyboard */,
				FF3187AC1E3382BC0077AE53 /* Assets.xcassets */,
				FF3187AE1E3382BC0077AE53 /* LaunchScreen.storyboard */,
				FF3187B11E3382BC0077AE53 /* Info.plist */,
			);
			path = BackgrounSoundPlay;
			sourceTree = "<group>";
		};
/* End PBXGroup section */

/* Begin PBXNativeTarget section */
		FF3187A11E3382BC0077AE53 /* BackgrounSoundPlay */ = {
			isa = PBXNativeTarget;
			buildConfigurationList = FF3187B41E3382BC0077AE53 /* Build configuration list for PBXNativeTarget "BackgrounSoundPlay" */;
			buildPhases = (
				FF31879E1E3382BC0077AE53 /* Sources */,
				FF31879F1E3382BC0077AE53 /* Frameworks */,
				FF3187A01E3382BC0077AE53 /* Resources */,
			);
			buildRules = (
			);
			dependencies = (
			);
			name = BackgrounSoundPlay;
			productName = BackgrounSoundPlay;
			productReference = FF3187A21E3382BC0077AE53 /* BackgrounSoundPlay.app */;
			productType = "com.apple.product-type.application";
		};
/* End PBXNativeTarget section */

/* Begin PBXProject section */
		FF31879A1E3382BC0077AE53 /* Project object */ = {
			isa = PBXProject;
			attributes = {
				LastSwiftUpdateCheck = 0820;
				LastUpgradeCheck = 0820;
				ORGANIZATIONNAME = Hakan;
				TargetAttributes = {
					FF3187A11E3382BC0077AE53 = {
						CreatedOnToolsVersion = 8.2.1;
						DevelopmentTeam = 88W5XT7F3Y;
						ProvisioningStyle = Automatic;
						SystemCapabilities = {
							com.apple.BackgroundModes = {
								enabled = 1;
							};
						};
					};
				};
			};
			buildConfigurationList = FF31879D1E3382BC0077AE53 /* Build configuration list for PBXProject "BackgrounSoundPlay" */;
			compatibilityVersion = "Xcode 3.2";
			developmentRegion = English;
			hasScannedForEncodings = 0;
			knownRegions = (
				en,
				Base,
			);
			mainGroup = FF3187991E3382BC0077AE53;
			productRefGroup = FF3187A31E3382BC0077AE53 /* Products */;
			projectDirPath = "";
			projectRoot = "";
			targets = (
				FF3187A11E3382BC0077AE53 /* BackgrounSoundPlay */,
			);
		};
/* End PBXProject section */

/* Begin PBXResourcesBuildPhase section */
		FF3187A01E3382BC0077AE53 /* Resources */ = {
			isa = PBXResourcesBuildPhase;
			buildActionMask = 2147483647;
			files = (
				FF3187B01E3382BC0077AE53 /* LaunchScreen.storyboard in Resources */,
				FF3187AD1E3382BC0077AE53 /* Assets.xcassets in Resources */,
				FF3187AB1E3382BC0077AE53 /* Main.storyboard in Resources */,
				FFD0E22E1E3385F300E345F8 /* background_logo.png in Resources */,
				FF3187B81E3382EE0077AE53 /* muzik.mp3 in Resources */,
			);
			runOnlyForDeploymentPostprocessing = 0;
		};
/* End PBXResourcesBuildPhase section */

/* Begin PBXSourcesBuildPhase section */
		FF31879E1E3382BC0077AE53 /* Sources */ = {
			isa = PBXSourcesBuildPhase;
			buildActionMask = 2147483647;
			files = (
				FF3187A81E3382BC0077AE53 /* ViewController.swift in Sources */,
				FF3187A61E3382BC0077AE53 /* AppDelegate.swift in Sources */,
			);
			runOnlyForDeploymentPostprocessing = 0;
		};
/* End PBXSourcesBuildPhase section */

/* Begin PBXVariantGroup section */
		FF3187A91E3382BC0077AE53 /* Main.storyboard */ = {
			isa = PBXVariantGroup;
			children = (
				FF3187AA1E3382BC0077AE53 /* Base */,
			);
			name = Main.storyboard;
			sourceTree = "<group>";
		};
		FF3187AE1E3382BC0077AE53 /* LaunchScreen.storyboard */ = {
			isa = PBXVariantGroup;
			children = (
				FF3187AF1E3382BC0077AE53 /* Base */,
			);
			name = LaunchScreen.storyboard;
			sourceTree = "<group>";
		};
/* End PBXVariantGroup section */

/* Begin XCBuildConfiguration section */
		FF3187B21E3382BC0077AE53 /* Debug */ = {
			isa = XCBuildConfiguration;
			buildSettings = {
				ALWAYS_SEARCH_USER_PATHS = NO;
				CLANG_ANALYZER_NONNULL = YES;
				CLANG_CXX_LANGUAGE_STANDARD = "gnu++0x";
				CLANG_CXX_LIBRARY = "libc++";
				CLANG_ENABLE_MODULES = YES;
				CLANG_ENABLE_OBJC_ARC = YES;
				CLANG_WARN_BOOL_CONVERSION = YES;
				CLANG_WARN_CONSTANT_CONVERSION = YES;
				CLANG_WARN_DIRECT_OBJC_ISA_USAGE = YES_ERROR;
				CLANG_WARN_DOCUMENTATION_COMMENTS = YES;
				CLANG_WARN_EMPTY_BODY = YES;
				CLANG_WARN_ENUM_CONVERSION = YES;
				CLANG_WARN_INFINITE_RECURSION = YES;
				CLANG_WARN_INT_CONVERSION = YES;
				CLANG_WARN_OBJC_ROOT_CLASS = YES_ERROR;
				CLANG_WARN_SUSPICIOUS_MOVE = YES;
				CLANG_WARN_UNREACHABLE_CODE = YES;
				CLANG_WARN__DUPLICATE_METHOD_MATCH = YES;
				"CODE_SIGN_IDENTITY[sdk=iphoneos*]" = "iPhone Developer";
				COPY_PHASE_STRIP = NO;
				DEBUG_INFORMATION_FORMAT = dwarf;
				ENABLE_STRICT_OBJC_MSGSEND = YES;
				ENABLE_TESTABILITY = YES;
				GCC_C_LANGUAGE_STANDARD = gnu99;
				GCC_DYNAMIC_NO_PIC = NO;
				GCC_NO_COMMON_BLOCKS = YES;
				GCC_OPTIMIZATION_LEVEL = 0;
				GCC_PREPROCESSOR_DEFINITIONS = (
					"DEBUG=1",
					"$(inherited)",
				);
				GCC_WARN_64_TO_32_BIT_CONVERSION = YES;
				GCC_WARN_ABOUT_RETURN_TYPE = YES_ERROR;
				GCC_WARN_UNDECLARED_SELECTOR = YES;
				GCC_WARN_UNINITIALIZED_AUTOS = YES_AGGRESSIVE;
				GCC_WARN_UNUSED_FUNCTION = YES;
				GCC_WARN_UNUSED_VARIABLE = YES;
				IPHONEOS_DEPLOYMENT_TARGET = 10.2;
				MTL_ENABLE_DEBUG_INFO = YES;
				ONLY_ACTIVE_ARCH = YES;
				SDKROOT = iphoneos;
				SWIFT_ACTIVE_COMPILATION_CONDITIONS = DEBUG;
				SWIFT_OPTIMIZATION_LEVEL = "-Onone";
				TARGETED_DEVICE_FAMILY = "1,2";
			};
			name = Debug;
		};
		FF3187B31E3382BC0077AE53 /* Release */ = {
			isa = XCBuildConfiguration;
			buildSettings = {
				ALWAYS_SEARCH_USER_PATHS = NO;
				CLANG_ANALYZER_NONNULL = YES;
				CLANG_CXX_LANGUAGE_STANDARD = "gnu++0x";
				CLANG_CXX_LIBRARY = "libc++";
				CLANG_ENABLE_MODULES = YES;
				CLANG_ENABLE_OBJC_ARC = YES;
				CLANG_WARN_BOOL_CONVERSION = YES;
				CLANG_WARN_CONSTANT_CONVERSION = YES;
				CLANG_WARN_DIRECT_OBJC_ISA_USAGE = YES_ERROR;
				CLANG_WARN_DOCUMENTATION_COMMENTS = YES;
				CLANG_WARN_EMPTY_BODY = YES;
				CLANG_WARN_ENUM_CONVERSION = YES;
				CLANG_WARN_INFINITE_RECURSION = YES;
				CLANG_WARN_INT_CONVERSION = YES;
				CLANG_WARN_OBJC_ROOT_CLASS = YES_ERROR;
				CLANG_WARN_SUSPICIOUS_MOVE = YES;
				CLANG_WARN_UNREACHABLE_CODE = YES;
				CLANG_WARN__DUPLICATE_METHOD_MATCH = YES;
				"CODE_SIGN_IDENTITY[sdk=iphoneos*]" = "iPhone Developer";
				COPY_PHASE_STRIP = NO;
				DEBUG_INFORMATION_FORMAT = "dwarf-with-dsym";
				ENABLE_NS_ASSERTIONS = NO;
				ENABLE_STRICT_OBJC_MSGSEND = YES;
				GCC_C_LANGUAGE_STANDARD = gnu99;
				GCC_NO_COMMON_BLOCKS = YES;
				GCC_WARN_64_TO_32_BIT_CONVERSION = YES;
				GCC_WARN_ABOUT_RETURN_TYPE = YES_ERROR;
				GCC_WARN_UNDECLARED_SELECTOR = YES;
				GCC_WARN_UNINITIALIZED_AUTOS = YES_AGGRESSIVE;
				GCC_WARN_UNUSED_FUNCTION = YES;
				GCC_WARN_UNUSED_VARIABLE = YES;
				IPHONEOS_DEPLOYMENT_TARGET = 10.2;
				MTL_ENABLE_DEBUG_INFO = NO;
				SDKROOT = iphoneos;
				SWIFT_OPTIMIZATION_LEVEL = "-Owholemodule";
				TARGETED_DEVICE_FAMILY = "1,2";
				VALIDATE_PRODUCT = YES;
			};
			name = Release;
		};
		FF3187B51E3382BC0077AE53 /* Debug */ = {
			isa = XCBuildConfiguration;
			buildSettings = {
				ASSETCATALOG_COMPILER_APPICON_NAME = AppIcon;
				DEVELOPMENT_TEAM = 88W5XT7F3Y;
				INFOPLIST_FILE = BackgrounSoundPlay/Info.plist;
				LD_RUNPATH_SEARCH_PATHS = "$(inherited) @executable_path/Frameworks";
				PRODUCT_BUNDLE_IDENTIFIER = hakanozer.com.tr.BackgrounSoundPlay;
				PRODUCT_NAME = "$(TARGET_NAME)";
				SWIFT_VERSION = 3.0;
			};
			name = Debug;
		};
		FF3187B61E3382BC0077AE53 /* Release */ = {
			isa = XCBuildConfiguration;
			buildSettings = {
				ASSETCATALOG_COMPILER_APPICON_NAME = AppIcon;
				DEVELOPMENT_TEAM = 88W5XT7F3Y;
				INFOPLIST_FILE = BackgrounSoundPlay/Info.plist;
				LD_RUNPATH_SEARCH_PATHS = "$(inherited) @executable_path/Frameworks";
				PRODUCT_BUNDLE_IDENTIFIER = hakanozer.com.tr.BackgrounSoundPlay;
				PRODUCT_NAME = "$(TARGET_NAME)";
				SWIFT_VERSION = 3.0;
			};
			name = Release;
		};
/* End XCBuildConfiguration section */

/* Begin XCConfigurationList section */
		FF31879D1E3382BC0077AE53 /* Build configuration list for PBXProject "BackgrounSoundPlay" */ = {
			isa = XCConfigurationList;
			buildConfigurations = (
				FF3187B21E3382BC0077AE53 /* Debug */,
				FF3187B31E3382BC0077AE53 /* Release */,
			);
			defaultConfigurationIsVisible = 0;
			defaultConfigurationName = Release;
		};
		FF3187B41E3382BC0077AE53 /* Build configuration list for PBXNativeTarget "BackgrounSoundPlay" */ = {
			isa = XCConfigurationList;
			buildConfigurations = (
				FF3187B51E3382BC0077AE53 /* Debug */,
				FF3187B61E3382BC0077AE53 /* Release */,
			);
			defaultConfigurationIsVisible = 0;
			defaultConfigurationName = Release;
		};
/* End XCConfigurationList section */
	};
	rootObject = FF31879A1E3382BC0077AE53 /* Project object */;
}
